
Microsoft Visual Studio Solution File, Format Version 12.00
# Visual Studio Version 17
VisualStudioVersion = 17.3.32901.215
MinimumVisualStudioVersion = 10.0.40219.1
Project("{FAE04EC0-301F-11D3-BF4B-00C04F79EFBC}") = "GameShopAPI", "GameShopAPI\GameShopAPI.csproj", "{7543A770-54CF-4D87-AF2B-688CC77E759A}"
EndProject
Global
	GlobalSection(SolutionConfigurationPlatforms) = preSolution
		Debug|Any CPU = Debug|Any CPU
		Release|Any CPU = Release|Any CPU
	EndGlobalSection
	GlobalSection(ProjectConfigurationPlatforms) = postSolution
		{7543A770-54CF-4D87-AF2B-688CC77E759A}.Debug|Any CPU.ActiveCfg = Debug|Any CPU
		{7543A770-54CF-4D87-AF2B-688CC77E759A}.Debug|Any CPU.Build.0 = Debug|Any CPU
		{7543A770-54CF-4D87-AF2B-688CC77E759A}.Release|Any CPU.ActiveCfg = Release|Any CPU
		{7543A770-54CF-4D87-AF2B-688CC77E759A}.Release|Any CPU.Build.0 = Release|Any CPU
	EndGlobalSection
	GlobalSection(SolutionProperties) = preSolution
		HideSolutionNode = FALSE
	EndGlobalSection
	GlobalSection(ExtensibilityGlobals) = postSolution
		SolutionGuid = {FDBF6848-3179-4A7C-92DA-3074D376FCBA}
	EndGlobalSection
EndGlobal
